lockfileVersion: '6.0'

devDependencies:
  '@tsconfig/recommended':
    specifier: ^1.0.3
    version: 1.0.3
  '@types/node':
    specifier: ^20.7.0
    version: 20.7.0
  typescript:
    specifier: ^5.2.2
    version: 5.2.2

packages:

  /@tsconfig/recommended@1.0.3:
    resolution: {integrity: sha512-+jby/Guq9H8O7NWgCv6X8VAiQE8Dr/nccsCtL74xyHKhu2Knu5EAKmOZj3nLCnLm1KooUzKY+5DsnGVqhM8/wQ==}
    dev: true

  /@types/node@20.7.0:
    resolution: {integrity: sha512-zI22/pJW2wUZOVyguFaUL1HABdmSVxpXrzIqkjsHmyUjNhPoWM1CKfvVuXfetHhIok4RY573cqS0mZ1SJEnoTg==}
    dev: true

  /typescript@5.2.2:
    resolution: {integrity: sha512-mI4WrpHsbCIcwT9cF4FZvr80QUeKvsUsUvKDoR+X/7XHQH98xYD8YHZg7ANtz2GtZt/CBq2QJ0thkGJMHfqc1w==}
    engines: {node: '>=14.17'}
    hasBin: true
    dev: true
